
Microsoft Visual Studio Solution File, Format Version 12.00
# Visual Studio Version 16
VisualStudioVersion = 16.0.28803.156
MinimumVisualStudioVersion = 10.0.40219.1
Project("{888888A0-9F3D-457C-B088-3A5042F75D52}") = "ChaosRecipeHelper", "ChaosRecipeHelper\ChaosRecipeHelper.pyproj", "{8491DA43-BF0D-4A1C-978A-9A7E35ECE81F}"
EndProject
Global
	GlobalSection(SolutionConfigurationPlatforms) = preSolution
		Debug|Any CPU = Debug|Any CPU
		Release|Any CPU = Release|Any CPU
	EndGlobalSection
	GlobalSection(ProjectConfigurationPlatforms) = postSolution
		{8491DA43-BF0D-4A1C-978A-9A7E35ECE81F}.Debug|Any CPU.ActiveCfg = Debug|Any CPU
		{8491DA43-BF0D-4A1C-978A-9A7E35ECE81F}.Release|Any CPU.ActiveCfg = Release|Any CPU
	EndGlobalSection
	GlobalSection(SolutionProperties) = preSolution
		HideSolutionNode = FALSE
	EndGlobalSection
	GlobalSection(ExtensibilityGlobals) = postSolution
		SolutionGuid = {6B10CE3E-93DB-4AC4-A861-F95AABB967B8}
	EndGlobalSection
EndGlobal
